
Microsoft Visual Studio Solution File, Format Version 12.00
# Visual Studio 15
VisualStudioVersion = 15.0.28307.1300
MinimumVisualStudioVersion = 10.0.40219.1
Project("{FAE04EC0-301F-11D3-BF4B-00C04F79EFBC}") = "as,is", "Chapter17Reflection\as,is.csproj", "{684D59AF-C2BC-4C68-BB57-B877B687E78A}"
EndProject
Project("{FAE04EC0-301F-11D3-BF4B-00C04F79EFBC}") = "Reflection", "Reflection\Reflection.csproj", "{CCBA25C5-D48D-4763-956B-87C29412C6D5}"
EndProject
Project("{FAE04EC0-301F-11D3-BF4B-00C04F79EFBC}") = "Assemblies", "Assemblies\Assemblies.csproj", "{976AC4D4-692D-4E6F-9BD9-53AE81C45AA9}"
EndProject
Project("{FAE04EC0-301F-11D3-BF4B-00C04F79EFBC}") = "Attributes", "Attributes\Attributes.csproj", "{2D2A5689-BE0B-4271-9DA2-E911337CFF7B}"
EndProject
Global
	GlobalSection(SolutionConfigurationPlatforms) = preSolution
		Debug|Any CPU = Debug|Any CPU
		Release|Any CPU = Release|Any CPU
	EndGlobalSection
	GlobalSection(ProjectConfigurationPlatforms) = postSolution
		{684D59AF-C2BC-4C68-BB57-B877B687E78A}.Debug|Any CPU.ActiveCfg = Debug|Any CPU
		{684D59AF-C2BC-4C68-BB57-B877B687E78A}.Debug|Any CPU.Build.0 = Debug|Any CPU
		{684D59AF-C2BC-4C68-BB57-B877B687E78A}.Release|Any CPU.ActiveCfg = Release|Any CPU
		{684D59AF-C2BC-4C68-BB57-B877B687E78A}.Release|Any CPU.Build.0 = Release|Any CPU
		{CCBA25C5-D48D-4763-956B-87C29412C6D5}.Debug|Any CPU.ActiveCfg = Debug|Any CPU
		{CCBA25C5-D48D-4763-956B-87C29412C6D5}.Debug|Any CPU.Build.0 = Debug|Any CPU
		{CCBA25C5-D48D-4763-956B-87C29412C6D5}.Release|Any CPU.ActiveCfg = Release|Any CPU
		{CCBA25C5-D48D-4763-956B-87C29412C6D5}.Release|Any CPU.Build.0 = Release|Any CPU
		{976AC4D4-692D-4E6F-9BD9-53AE81C45AA9}.Debug|Any CPU.ActiveCfg = Debug|Any CPU
		{976AC4D4-692D-4E6F-9BD9-53AE81C45AA9}.Debug|Any CPU.Build.0 = Debug|Any CPU
		{976AC4D4-692D-4E6F-9BD9-53AE81C45AA9}.Release|Any CPU.ActiveCfg = Release|Any CPU
		{976AC4D4-692D-4E6F-9BD9-53AE81C45AA9}.Release|Any CPU.Build.0 = Release|Any CPU
		{2D2A5689-BE0B-4271-9DA2-E911337CFF7B}.Debug|Any CPU.ActiveCfg = Debug|Any CPU
		{2D2A5689-BE0B-4271-9DA2-E911337CFF7B}.Debug|Any CPU.Build.0 = Debug|Any CPU
		{2D2A5689-BE0B-4271-9DA2-E911337CFF7B}.Release|Any CPU.ActiveCfg = Release|Any CPU
		{2D2A5689-BE0B-4271-9DA2-E911337CFF7B}.Release|Any CPU.Build.0 = Release|Any CPU
	EndGlobalSection
	GlobalSection(SolutionProperties) = preSolution
		HideSolutionNode = FALSE
	EndGlobalSection
	GlobalSection(ExtensibilityGlobals) = postSolution
		SolutionGuid = {CE1F0DBA-BEE8-4C6F-9650-7DDB80C159F1}
	EndGlobalSection
EndGlobal
