
Microsoft Visual Studio Solution File, Format Version 12.00
# Visual Studio Version 16
VisualStudioVersion = 16.0.30406.217
MinimumVisualStudioVersion = 10.0.40219.1
Project("{FAE04EC0-301F-11D3-BF4B-00C04F79EFBC}") = "readKey", "readKey\readKey.csproj", "{9F8528A6-758F-4638-ABCF-3FCC012002BF}"
EndProject
Global
	GlobalSection(SolutionConfigurationPlatforms) = preSolution
		Debug|Any CPU = Debug|Any CPU
		Release|Any CPU = Release|Any CPU
	EndGlobalSection
	GlobalSection(ProjectConfigurationPlatforms) = postSolution
		{9F8528A6-758F-4638-ABCF-3FCC012002BF}.Debug|Any CPU.ActiveCfg = Debug|Any CPU
		{9F8528A6-758F-4638-ABCF-3FCC012002BF}.Debug|Any CPU.Build.0 = Debug|Any CPU
		{9F8528A6-758F-4638-ABCF-3FCC012002BF}.Release|Any CPU.ActiveCfg = Release|Any CPU
		{9F8528A6-758F-4638-ABCF-3FCC012002BF}.Release|Any CPU.Build.0 = Release|Any CPU
	EndGlobalSection
	GlobalSection(SolutionProperties) = preSolution
		HideSolutionNode = FALSE
	EndGlobalSection
	GlobalSection(ExtensibilityGlobals) = postSolution
		SolutionGuid = {502F60B5-14C0-4D91-9EDF-C6AE8FA1FC06}
	EndGlobalSection
EndGlobal
