
Microsoft Visual Studio Solution File, Format Version 12.00
# Visual Studio Express 2012 for Windows Desktop
Project("{FAE04EC0-301F-11D3-BF4B-00C04F79EFBC}") = "memorystream", "memorystream\memorystream.csproj", "{E87848A7-6EAD-4B93-A035-056C13FDBAA5}"
EndProject
Project("{FAE04EC0-301F-11D3-BF4B-00C04F79EFBC}") = "ConsoleApplication1", "F:\iti\iti\complete reference\memorystream\ConsoleApplication1\ConsoleApplication1.csproj", "{B937CA57-6E8E-45CB-8544-F442C2836112}"
EndProject
Global
	GlobalSection(SolutionConfigurationPlatforms) = preSolution
		Debug|Any CPU = Debug|Any CPU
		Release|Any CPU = Release|Any CPU
	EndGlobalSection
	GlobalSection(ProjectConfigurationPlatforms) = postSolution
		{E87848A7-6EAD-4B93-A035-056C13FDBAA5}.Debug|Any CPU.ActiveCfg = Debug|Any CPU
		{E87848A7-6EAD-4B93-A035-056C13FDBAA5}.Debug|Any CPU.Build.0 = Debug|Any CPU
		{E87848A7-6EAD-4B93-A035-056C13FDBAA5}.Release|Any CPU.ActiveCfg = Release|Any CPU
		{E87848A7-6EAD-4B93-A035-056C13FDBAA5}.Release|Any CPU.Build.0 = Release|Any CPU
		{B937CA57-6E8E-45CB-8544-F442C2836112}.Debug|Any CPU.ActiveCfg = Debug|Any CPU
		{B937CA57-6E8E-45CB-8544-F442C2836112}.Debug|Any CPU.Build.0 = Debug|Any CPU
		{B937CA57-6E8E-45CB-8544-F442C2836112}.Release|Any CPU.ActiveCfg = Release|Any CPU
		{B937CA57-6E8E-45CB-8544-F442C2836112}.Release|Any CPU.Build.0 = Release|Any CPU
	EndGlobalSection
	GlobalSection(SolutionProperties) = preSolution
		HideSolutionNode = FALSE
	EndGlobalSection
EndGlobal
