
Microsoft Visual Studio Solution File, Format Version 12.00
# Visual Studio 15
VisualStudioVersion = 15.0.28307.1684
MinimumVisualStudioVersion = 10.0.40219.1
Project("{FAE04EC0-301F-11D3-BF4B-00C04F79EFBC}") = "downloadableSync", "downloadableVsAsync\downloadableSync.csproj", "{DBA36F85-3F30-49C8-9519-0BAC07CD0651}"
EndProject
Project("{FAE04EC0-301F-11D3-BF4B-00C04F79EFBC}") = "downloadableVsAsyncronous", "downloadableVsAsyncronous\downloadableVsAsyncronous.csproj", "{522C4161-231B-44BB-A3A5-A1BC33264395}"
EndProject
Global
	GlobalSection(SolutionConfigurationPlatforms) = preSolution
		Debug|Any CPU = Debug|Any CPU
		Release|Any CPU = Release|Any CPU
	EndGlobalSection
	GlobalSection(ProjectConfigurationPlatforms) = postSolution
		{DBA36F85-3F30-49C8-9519-0BAC07CD0651}.Debug|Any CPU.ActiveCfg = Debug|Any CPU
		{DBA36F85-3F30-49C8-9519-0BAC07CD0651}.Debug|Any CPU.Build.0 = Debug|Any CPU
		{DBA36F85-3F30-49C8-9519-0BAC07CD0651}.Release|Any CPU.ActiveCfg = Release|Any CPU
		{DBA36F85-3F30-49C8-9519-0BAC07CD0651}.Release|Any CPU.Build.0 = Release|Any CPU
		{522C4161-231B-44BB-A3A5-A1BC33264395}.Debug|Any CPU.ActiveCfg = Debug|Any CPU
		{522C4161-231B-44BB-A3A5-A1BC33264395}.Debug|Any CPU.Build.0 = Debug|Any CPU
		{522C4161-231B-44BB-A3A5-A1BC33264395}.Release|Any CPU.ActiveCfg = Release|Any CPU
		{522C4161-231B-44BB-A3A5-A1BC33264395}.Release|Any CPU.Build.0 = Release|Any CPU
	EndGlobalSection
	GlobalSection(SolutionProperties) = preSolution
		HideSolutionNode = FALSE
	EndGlobalSection
	GlobalSection(ExtensibilityGlobals) = postSolution
		SolutionGuid = {C417B7F3-18D4-4E47-B7E6-5134984B1A36}
	EndGlobalSection
EndGlobal
