
Microsoft Visual Studio Solution File, Format Version 12.00
# Visual Studio Version 16
VisualStudioVersion = 16.0.30406.217
MinimumVisualStudioVersion = 10.0.40219.1
Project("{9A19103F-16F7-4668-BE54-9A1E7A4F7556}") = "ExceptionHandling", "ExceptionHandling\ExceptionHandling.csproj", "{4F386EA7-51A7-4B65-B18E-6367FF9DB7AA}"
EndProject
Project("{FAE04EC0-301F-11D3-BF4B-00C04F79EFBC}") = "Checked", "Checked\Checked.csproj", "{188D6B6E-EBAD-466B-A941-E0302CD7C043}"
EndProject
Global
	GlobalSection(SolutionConfigurationPlatforms) = preSolution
		Debug|Any CPU = Debug|Any CPU
		Release|Any CPU = Release|Any CPU
	EndGlobalSection
	GlobalSection(ProjectConfigurationPlatforms) = postSolution
		{4F386EA7-51A7-4B65-B18E-6367FF9DB7AA}.Debug|Any CPU.ActiveCfg = Debug|Any CPU
		{4F386EA7-51A7-4B65-B18E-6367FF9DB7AA}.Debug|Any CPU.Build.0 = Debug|Any CPU
		{4F386EA7-51A7-4B65-B18E-6367FF9DB7AA}.Release|Any CPU.ActiveCfg = Release|Any CPU
		{4F386EA7-51A7-4B65-B18E-6367FF9DB7AA}.Release|Any CPU.Build.0 = Release|Any CPU
		{188D6B6E-EBAD-466B-A941-E0302CD7C043}.Debug|Any CPU.ActiveCfg = Debug|Any CPU
		{188D6B6E-EBAD-466B-A941-E0302CD7C043}.Debug|Any CPU.Build.0 = Debug|Any CPU
		{188D6B6E-EBAD-466B-A941-E0302CD7C043}.Release|Any CPU.ActiveCfg = Release|Any CPU
		{188D6B6E-EBAD-466B-A941-E0302CD7C043}.Release|Any CPU.Build.0 = Release|Any CPU
	EndGlobalSection
	GlobalSection(SolutionProperties) = preSolution
		HideSolutionNode = FALSE
	EndGlobalSection
	GlobalSection(ExtensibilityGlobals) = postSolution
		SolutionGuid = {AF6040C3-3D43-4B4A-8251-C1DCB5D207A3}
	EndGlobalSection
EndGlobal
