
Microsoft Visual Studio Solution File, Format Version 12.00
# Visual Studio Version 16
VisualStudioVersion = 16.0.30406.217
MinimumVisualStudioVersion = 10.0.40219.1
Project("{FAE04EC0-301F-11D3-BF4B-00C04F79EFBC}") = "operator overloading short circuit", "operator overloading short circuit\operator overloading short circuit.csproj", "{39286BE1-2D00-4864-924F-5B2AC2AD1D83}"
EndProject
Global
	GlobalSection(SolutionConfigurationPlatforms) = preSolution
		Debug|Any CPU = Debug|Any CPU
		Release|Any CPU = Release|Any CPU
	EndGlobalSection
	GlobalSection(ProjectConfigurationPlatforms) = postSolution
		{39286BE1-2D00-4864-924F-5B2AC2AD1D83}.Debug|Any CPU.ActiveCfg = Debug|Any CPU
		{39286BE1-2D00-4864-924F-5B2AC2AD1D83}.Debug|Any CPU.Build.0 = Debug|Any CPU
		{39286BE1-2D00-4864-924F-5B2AC2AD1D83}.Release|Any CPU.ActiveCfg = Release|Any CPU
		{39286BE1-2D00-4864-924F-5B2AC2AD1D83}.Release|Any CPU.Build.0 = Release|Any CPU
	EndGlobalSection
	GlobalSection(SolutionProperties) = preSolution
		HideSolutionNode = FALSE
	EndGlobalSection
	GlobalSection(ExtensibilityGlobals) = postSolution
		SolutionGuid = {43050384-D9A9-46BB-923F-9579BE651049}
	EndGlobalSection
EndGlobal
