
Microsoft Visual Studio Solution File, Format Version 12.00
# Visual Studio Version 16
VisualStudioVersion = 16.0.30406.217
MinimumVisualStudioVersion = 10.0.40219.1
Project("{FAE04EC0-301F-11D3-BF4B-00C04F79EFBC}") = "checked", "checked\checked.csproj", "{DC39754D-DD40-42C2-A7FE-D4D48D34E2C3}"
EndProject
Global
	GlobalSection(SolutionConfigurationPlatforms) = preSolution
		Debug|Any CPU = Debug|Any CPU
		Release|Any CPU = Release|Any CPU
	EndGlobalSection
	GlobalSection(ProjectConfigurationPlatforms) = postSolution
		{DC39754D-DD40-42C2-A7FE-D4D48D34E2C3}.Debug|Any CPU.ActiveCfg = Debug|Any CPU
		{DC39754D-DD40-42C2-A7FE-D4D48D34E2C3}.Debug|Any CPU.Build.0 = Debug|Any CPU
		{DC39754D-DD40-42C2-A7FE-D4D48D34E2C3}.Release|Any CPU.ActiveCfg = Release|Any CPU
		{DC39754D-DD40-42C2-A7FE-D4D48D34E2C3}.Release|Any CPU.Build.0 = Release|Any CPU
	EndGlobalSection
	GlobalSection(SolutionProperties) = preSolution
		HideSolutionNode = FALSE
	EndGlobalSection
	GlobalSection(ExtensibilityGlobals) = postSolution
		SolutionGuid = {36B290BF-C77A-4F2E-B940-198CBE82D9CE}
	EndGlobalSection
EndGlobal
