
Microsoft Visual Studio Solution File, Format Version 12.00
# Visual Studio Version 16
VisualStudioVersion = 16.0.30406.217
MinimumVisualStudioVersion = 10.0.40219.1
Project("{FAE04EC0-301F-11D3-BF4B-00C04F79EFBC}") = "Inheretance", "Inheretance\Inheretance.csproj", "{4E146132-BC25-4A6D-8FCC-97B86D67D95E}"
EndProject
Global
	GlobalSection(SolutionConfigurationPlatforms) = preSolution
		Debug|Any CPU = Debug|Any CPU
		Release|Any CPU = Release|Any CPU
	EndGlobalSection
	GlobalSection(ProjectConfigurationPlatforms) = postSolution
		{4E146132-BC25-4A6D-8FCC-97B86D67D95E}.Debug|Any CPU.ActiveCfg = Debug|Any CPU
		{4E146132-BC25-4A6D-8FCC-97B86D67D95E}.Debug|Any CPU.Build.0 = Debug|Any CPU
		{4E146132-BC25-4A6D-8FCC-97B86D67D95E}.Release|Any CPU.ActiveCfg = Release|Any CPU
		{4E146132-BC25-4A6D-8FCC-97B86D67D95E}.Release|Any CPU.Build.0 = Release|Any CPU
	EndGlobalSection
	GlobalSection(SolutionProperties) = preSolution
		HideSolutionNode = FALSE
	EndGlobalSection
	GlobalSection(ExtensibilityGlobals) = postSolution
		SolutionGuid = {2B7981FC-1E19-485A-9AEB-AE6402384039}
	EndGlobalSection
EndGlobal
