
Microsoft Visual Studio Solution File, Format Version 12.00
# Visual Studio Version 16
VisualStudioVersion = 16.0.30406.217
MinimumVisualStudioVersion = 10.0.40219.1
Project("{FAE04EC0-301F-11D3-BF4B-00C04F79EFBC}") = "Enumeration", "Enumeration\Enumeration.csproj", "{F041E0FA-5CED-44F4-A516-87C3FA4BF99F}"
EndProject
Global
	GlobalSection(SolutionConfigurationPlatforms) = preSolution
		Debug|Any CPU = Debug|Any CPU
		Release|Any CPU = Release|Any CPU
	EndGlobalSection
	GlobalSection(ProjectConfigurationPlatforms) = postSolution
		{F041E0FA-5CED-44F4-A516-87C3FA4BF99F}.Debug|Any CPU.ActiveCfg = Debug|Any CPU
		{F041E0FA-5CED-44F4-A516-87C3FA4BF99F}.Debug|Any CPU.Build.0 = Debug|Any CPU
		{F041E0FA-5CED-44F4-A516-87C3FA4BF99F}.Release|Any CPU.ActiveCfg = Release|Any CPU
		{F041E0FA-5CED-44F4-A516-87C3FA4BF99F}.Release|Any CPU.Build.0 = Release|Any CPU
	EndGlobalSection
	GlobalSection(SolutionProperties) = preSolution
		HideSolutionNode = FALSE
	EndGlobalSection
	GlobalSection(ExtensibilityGlobals) = postSolution
		SolutionGuid = {7E8E146C-11F8-415E-9700-D250C8B9DFE2}
	EndGlobalSection
EndGlobal
