
Microsoft Visual Studio Solution File, Format Version 12.00
# Visual Studio 15
VisualStudioVersion = 15.0.28307.1300
MinimumVisualStudioVersion = 10.0.40219.1
Project("{FAE04EC0-301F-11D3-BF4B-00C04F79EFBC}") = "Chapter18Generics", "Chapter18Generics\Chapter18Generics.csproj", "{4E7E90B6-1FA9-4C27-8EF6-F5F231FE4309}"
EndProject
Global
	GlobalSection(SolutionConfigurationPlatforms) = preSolution
		Debug|Any CPU = Debug|Any CPU
		Release|Any CPU = Release|Any CPU
	EndGlobalSection
	GlobalSection(ProjectConfigurationPlatforms) = postSolution
		{4E7E90B6-1FA9-4C27-8EF6-F5F231FE4309}.Debug|Any CPU.ActiveCfg = Debug|Any CPU
		{4E7E90B6-1FA9-4C27-8EF6-F5F231FE4309}.Debug|Any CPU.Build.0 = Debug|Any CPU
		{4E7E90B6-1FA9-4C27-8EF6-F5F231FE4309}.Release|Any CPU.ActiveCfg = Release|Any CPU
		{4E7E90B6-1FA9-4C27-8EF6-F5F231FE4309}.Release|Any CPU.Build.0 = Release|Any CPU
	EndGlobalSection
	GlobalSection(SolutionProperties) = preSolution
		HideSolutionNode = FALSE
	EndGlobalSection
	GlobalSection(ExtensibilityGlobals) = postSolution
		SolutionGuid = {E295C010-4132-4C98-B731-3D2B77798B3D}
	EndGlobalSection
EndGlobal
