
Microsoft Visual Studio Solution File, Format Version 12.00
# Visual Studio Version 17
VisualStudioVersion = 17.9.34310.174
MinimumVisualStudioVersion = 10.0.40219.1
Project("{FAE04EC0-301F-11D3-BF4B-00C04F79EFBC}") = "NewTaskFeature", "NewTaskFeature\NewTaskFeature.csproj", "{C0B38CA7-F4A0-4430-BA5C-70C50FE26963}"
EndProject
Global
	GlobalSection(SolutionConfigurationPlatforms) = preSolution
		Debug|Any CPU = Debug|Any CPU
		Release|Any CPU = Release|Any CPU
	EndGlobalSection
	GlobalSection(ProjectConfigurationPlatforms) = postSolution
		{C0B38CA7-F4A0-4430-BA5C-70C50FE26963}.Debug|Any CPU.ActiveCfg = Debug|Any CPU
		{C0B38CA7-F4A0-4430-BA5C-70C50FE26963}.Debug|Any CPU.Build.0 = Debug|Any CPU
		{C0B38CA7-F4A0-4430-BA5C-70C50FE26963}.Release|Any CPU.ActiveCfg = Release|Any CPU
		{C0B38CA7-F4A0-4430-BA5C-70C50FE26963}.Release|Any CPU.Build.0 = Release|Any CPU
	EndGlobalSection
	GlobalSection(SolutionProperties) = preSolution
		HideSolutionNode = FALSE
	EndGlobalSection
	GlobalSection(ExtensibilityGlobals) = postSolution
		SolutionGuid = {ECB35D81-5F1D-4CAE-9F1F-A00FF4C539C6}
	EndGlobalSection
EndGlobal
