
Microsoft Visual Studio Solution File, Format Version 12.00
# Visual Studio Version 17
VisualStudioVersion = 17.7.34018.315
MinimumVisualStudioVersion = 10.0.40219.1
Project("{9A19103F-16F7-4668-BE54-9A1E7A4F7556}") = "ClientProducerRabbitMQ", "ClientConsumerRabbitMQ\ClientProducerRabbitMQ.csproj", "{F8662B0C-F5B1-4B59-9DCB-A1D08A98E1E4}"
EndProject
Project("{FAE04EC0-301F-11D3-BF4B-00C04F79EFBC}") = "Consumer1RabbitMQ", "Consumer1RabbitMQ\Consumer1RabbitMQ.csproj", "{AD1A3B43-233F-43D5-B02E-90C200C147D3}"
EndProject
Project("{FAE04EC0-301F-11D3-BF4B-00C04F79EFBC}") = "Consumer2", "Consumer2\Consumer2.csproj", "{5429690D-703F-4C35-BEDB-F23913B6F3A5}"
EndProject
Global
	GlobalSection(SolutionConfigurationPlatforms) = preSolution
		Debug|Any CPU = Debug|Any CPU
		Release|Any CPU = Release|Any CPU
	EndGlobalSection
	GlobalSection(ProjectConfigurationPlatforms) = postSolution
		{F8662B0C-F5B1-4B59-9DCB-A1D08A98E1E4}.Debug|Any CPU.ActiveCfg = Debug|Any CPU
		{F8662B0C-F5B1-4B59-9DCB-A1D08A98E1E4}.Debug|Any CPU.Build.0 = Debug|Any CPU
		{F8662B0C-F5B1-4B59-9DCB-A1D08A98E1E4}.Release|Any CPU.ActiveCfg = Release|Any CPU
		{F8662B0C-F5B1-4B59-9DCB-A1D08A98E1E4}.Release|Any CPU.Build.0 = Release|Any CPU
		{AD1A3B43-233F-43D5-B02E-90C200C147D3}.Debug|Any CPU.ActiveCfg = Debug|Any CPU
		{AD1A3B43-233F-43D5-B02E-90C200C147D3}.Debug|Any CPU.Build.0 = Debug|Any CPU
		{AD1A3B43-233F-43D5-B02E-90C200C147D3}.Release|Any CPU.ActiveCfg = Release|Any CPU
		{AD1A3B43-233F-43D5-B02E-90C200C147D3}.Release|Any CPU.Build.0 = Release|Any CPU
		{5429690D-703F-4C35-BEDB-F23913B6F3A5}.Debug|Any CPU.ActiveCfg = Debug|Any CPU
		{5429690D-703F-4C35-BEDB-F23913B6F3A5}.Debug|Any CPU.Build.0 = Debug|Any CPU
		{5429690D-703F-4C35-BEDB-F23913B6F3A5}.Release|Any CPU.ActiveCfg = Release|Any CPU
		{5429690D-703F-4C35-BEDB-F23913B6F3A5}.Release|Any CPU.Build.0 = Release|Any CPU
	EndGlobalSection
	GlobalSection(SolutionProperties) = preSolution
		HideSolutionNode = FALSE
	EndGlobalSection
	GlobalSection(ExtensibilityGlobals) = postSolution
		SolutionGuid = {7A2FA50E-0A35-4DE2-A1D7-F4F189C851A3}
	EndGlobalSection
EndGlobal
